{
    "_readme": [
        "This file locks the dependencies of your project to a known state",
        "Read more about it at https://getcomposer.org/doc/01-basic-usage.md#installing-dependencies",
        "This file is @generated automatically"
    ],
    "content-hash": "fdb6dca4c8ee22d0af9ff5b79057d7e9",
    "packages": [
        {
            "name": "azuyalabs/yasumi",
            "version": "2.2.0",
            "source": {
                "type": "git",
                "url": "https://github.com/azuyalabs/yasumi.git",
                "reference": "87cde7fd22e3e6e3ace9830b145b6a77338757e6"
            },
            "dist": {
                "type": "zip",
                "url": "https://api.github.com/repos/azuyalabs/yasumi/zipball/87cde7fd22e3e6e3ace9830b145b6a77338757e6",
                "reference": "87cde7fd22e3e6e3ace9830b145b6a77338757e6",
                "shasum": ""
            },
            "require": {
                "ext-json": "*",
                "php": ">=7.1"
            },
            "require-dev": {
                "friendsofphp/php-cs-fixer": "^2.14",
                "fzaninotto/faker": "~1.8",
                "mikey179/vfsstream": "~1.6",
                "phpunit/phpunit": "~8.4"
            },
            "suggest": {
                "ext-calendar": "For calculating the date of Easter"
            },
            "type": "library",
            "autoload": {
                "psr-4": {
                    "Yasumi\\": "src/Yasumi/"
                }
            },
            "notification-url": "https://packagist.org/downloads/",
            "license": [
                "MIT"
            ],
            "authors": [
                {
                    "name": "Sacha Telgenhof",
                    "email": "me@sachatelgenhof.com"
                }
            ],
            "description": "Yasumi is an easy PHP Library for calculating national holidays.",
            "keywords": [
                "Bank",
                "calculation",
                "calendar",
                "celebration",
                "date",
                "holiday",
                "holidays",
                "national",
                "time"
            ],
            "time": "2019-10-06T03:09:18+00:00"
        },
        {
            "name": "catfan/medoo",
            "version": "v1.7.10",
            "source": {
                "type": "git",
                "url": "https://github.com/catfan/Medoo.git",
                "reference": "2d675f73e23f63bbaeb9a8aa33318659a3d3c32f"
            },
            "dist": {
                "type": "zip",
                "url": "https://api.github.com/repos/catfan/Medoo/zipball/2d675f73e23f63bbaeb9a8aa33318659a3d3c32f",
                "reference": "2d675f73e23f63bbaeb9a8aa33318659a3d3c32f",
                "shasum": ""
            },
            "require": {
                "ext-pdo": "*",
                "php": ">=5.4"
            },
            "suggest": {
                "ext-pdo_dblib": "For MSSQL or Sybase database on Linux/UNIX platform",
                "ext-pdo_mysql": "For MySQL or MariaDB database",
                "ext-pdo_oci": "For Oracle database",
                "ext-pdo_oci8": "For Oracle version 8 database",
                "ext-pdo_pqsql": "For PostgreSQL database",
                "ext-pdo_sqlite": "For SQLite database",
                "ext-pdo_sqlsrv": "For MSSQL database on both Window/Liunx platform"
            },
            "type": "framework",
            "autoload": {
                "psr-4": {
                    "Medoo\\": "/src"
                }
            },
            "notification-url": "https://packagist.org/downloads/",
            "license": [
                "MIT"
            ],
            "authors": [
                {
                    "name": "Angel Lai",
                    "email": "angel@catfan.me"
                }
            ],
            "description": "The lightweight PHP database framework to accelerate development",
            "homepage": "https://medoo.in",
            "keywords": [
                "database",
                "database library",
                "lightweight",
                "mariadb",
                "mssql",
                "mysql",
                "oracle",
                "php framework",
                "postgresql",
                "sql",
                "sqlite"
            ],
            "time": "2020-02-11T08:20:42+00:00"
        },
        {
            "name": "checkdomain/holiday",
            "version": "3.0.1",
            "source": {
                "type": "git",
                "url": "https://github.com/checkdomain/Holiday.git",
                "reference": "ce9294e9bccc059768218cdc4673564b6ccf738a"
            },
            "dist": {
                "type": "zip",
                "url": "https://api.github.com/repos/checkdomain/Holiday/zipball/ce9294e9bccc059768218cdc4673564b6ccf738a",
                "reference": "ce9294e9bccc059768218cdc4673564b6ccf738a",
                "shasum": ""
            },
            "require": {
                "ext-calendar": "*",
                "php": ">=5.5"
            },
            "require-dev": {
                "phpunit/phpunit": "~4.0"
            },
            "type": "library",
            "autoload": {
                "psr-4": {
                    "Checkdomain\\Holiday\\": "src/"
                }
            },
            "notification-url": "https://packagist.org/downloads/",
            "license": [
                "MIT"
            ],
            "authors": [
                {
                    "name": "Benjamin Paap",
                    "email": "b.paap@checkdomain.de",
                    "homepage": "http://checkdomain.de"
                }
            ],
            "description": "Checkdomain/Holiday provides a simple class to get holidays for a specified country",
            "keywords": [
                "holiday"
            ],
            "time": "2017-11-21T15:26:50+00:00"
        }
    ],
    "packages-dev": [],
    "aliases": [],
    "minimum-stability": "stable",
    "stability-flags": [],
    "prefer-stable": false,
    "prefer-lowest": false,
    "platform": [],
    "platform-dev": [],
    "plugin-api-version": "1.1.0"
}
